// !$*UTF8*$!
{
	archiveVersion = 1;
	classes = {
	};
	objectVersion = 56;
	objects = {

/* Begin PBXBuildFile section */
		5E0A8D3C2A9EEA80002025DB /* Koala.m in Sources */ = {isa = PBXBuildFile; fileRef = 5E0A8D3B2A9EEA80002025DB /* Koala.m */; };
		5E0A8D3F2A9F00A3002025DB /* Animal+Exam.m in Sources */ = {isa = PBXBuildFile; fileRef = 5E0A8D3E2A9F00A3002025DB /* Animal+Exam.m */; };
		5E0A8D422A9F0259002025DB /* Animal+Vet.m in Sources */ = {isa = PBXBuildFile; fileRef = 5E0A8D412A9F0259002025DB /* Animal+Vet.m */; };
		5E727DF52A99B967000315C2 /* objective-c-archive.m in Sources */ = {isa = PBXBuildFile; fileRef = 5E727DF42A99B967000315C2 /* objective-c-archive.m */; };
		5E727DF82A9C5E64000315C2 /* Animal.m in Sources */ = {isa = PBXBuildFile; fileRef = 5E727DF72A9C5E64000315C2 /* Animal.m */; };
		5ECE227E2A957116009377A7 /* main.m in Sources */ = {isa = PBXBuildFile; fileRef = 5ECE227D2A957116009377A7 /* main.m */; };
		5ECE22882A95818A009377A7 /* archive.c in Sources */ = {isa = PBXBuildFile; fileRef = 5ECE22872A95818A009377A7 /* archive.c */; };
/* End PBXBuildFile section */

/* Begin PBXCopyFilesBuildPhase section */
		5ECE22782A957116009377A7 /* CopyFiles */ = {
			isa = PBXCopyFilesBuildPhase;
			buildActionMask = 2147483647;
			dstPath = /usr/share/man/man1/;
			dstSubfolderSpec = 0;
			files = (
			);
			runOnlyForDeploymentPostprocessing = 1;
		};
/* End PBXCopyFilesBuildPhase section */

/* Begin PBXFileReference section */
		5E0A8D3A2A9EEA80002025DB /* Koala.h */ = {isa = PBXFileReference; lastKnownFileType = sourcecode.c.h; path = Koala.h; sourceTree = "<group>"; };
		5E0A8D3B2A9EEA80002025DB /* Koala.m */ = {isa = PBXFileReference; lastKnownFileType = sourcecode.c.objc; path = Koala.m; sourceTree = "<group>"; };
		5E0A8D3D2A9F00A3002025DB /* Animal+Exam.h */ = {isa = PBXFileReference; lastKnownFileType = sourcecode.c.h; path = "Animal+Exam.h"; sourceTree = "<group>"; };
		5E0A8D3E2A9F00A3002025DB /* Animal+Exam.m */ = {isa = PBXFileReference; lastKnownFileType = sourcecode.c.objc; path = "Animal+Exam.m"; sourceTree = "<group>"; };
		5E0A8D402A9F0259002025DB /* Animal+Vet.h */ = {isa = PBXFileReference; lastKnownFileType = sourcecode.c.h; path = "Animal+Vet.h"; sourceTree = "<group>"; };
		5E0A8D412A9F0259002025DB /* Animal+Vet.m */ = {isa = PBXFileReference; lastKnownFileType = sourcecode.c.objc; path = "Animal+Vet.m"; sourceTree = "<group>"; };
		5E727DF42A99B967000315C2 /* objective-c-archive.m */ = {isa = PBXFileReference; lastKnownFileType = sourcecode.c.objc; path = "objective-c-archive.m"; sourceTree = "<group>"; };
		5E727DF62A9C5E64000315C2 /* Animal.h */ = {isa = PBXFileReference; lastKnownFileType = sourcecode.c.h; path = Animal.h; sourceTree = "<group>"; };
		5E727DF72A9C5E64000315C2 /* Animal.m */ = {isa = PBXFileReference; lastKnownFileType = sourcecode.c.objc; path = Animal.m; sourceTree = "<group>"; };
		5ECE227A2A957116009377A7 /* ObjectiveCTutorial */ = {isa = PBXFileReference; explicitFileType = "compiled.mach-o.executable"; includeInIndex = 0; path = ObjectiveCTutorial; sourceTree = BUILT_PRODUCTS_DIR; };
		5ECE227D2A957116009377A7 /* main.m */ = {isa = PBXFileReference; lastKnownFileType = sourcecode.c.objc; path = main.m; sourceTree = "<group>"; };
		5ECE22872A95818A009377A7 /* archive.c */ = {isa = PBXFileReference; lastKnownFileType = sourcecode.c.c; path = archive.c; sourceTree = "<group>"; };
/* End PBXFileReference section */

/* Begin PBXFrameworksBuildPhase section */
		5ECE22772A957116009377A7 /* Frameworks */ = {
			isa = PBXFrameworksBuildPhase;
			buildActionMask = 2147483647;
			files = (
			);
			runOnlyForDeploymentPostprocessing = 0;
		};
/* End PBXFrameworksBuildPhase section */

/* Begin PBXGroup section */
		5ECE22712A957116009377A7 = {
			isa = PBXGroup;
			children = (
				5ECE227C2A957116009377A7 /* ObjectiveCTutorial */,
				5ECE227B2A957116009377A7 /* Products */,
			);
			sourceTree = "<group>";
		};
		5ECE227B2A957116009377A7 /* Products */ = {
			isa = PBXGroup;
			children = (
				5ECE227A2A957116009377A7 /* ObjectiveCTutorial */,
			);
			name = Products;
			sourceTree = "<group>";
		};
		5ECE227C2A957116009377A7 /* ObjectiveCTutorial */ = {
			isa = PBXGroup;
			children = (
				5ECE227D2A957116009377A7 /* main.m */,
				5ECE22872A95818A009377A7 /* archive.c */,
				5E727DF42A99B967000315C2 /* objective-c-archive.m */,
				5E727DF62A9C5E64000315C2 /* Animal.h */,
				5E727DF72A9C5E64000315C2 /* Animal.m */,
				5E0A8D3A2A9EEA80002025DB /* Koala.h */,
				5E0A8D3B2A9EEA80002025DB /* Koala.m */,
				5E0A8D3D2A9F00A3002025DB /* Animal+Exam.h */,
				5E0A8D3E2A9F00A3002025DB /* Animal+Exam.m */,
				5E0A8D402A9F0259002025DB /* Animal+Vet.h */,
				5E0A8D412A9F0259002025DB /* Animal+Vet.m */,
			);
			path = ObjectiveCTutorial;
			sourceTree = "<group>";
		};
/* End PBXGroup section */

/* Begin PBXNativeTarget section */
		5ECE22792A957116009377A7 /* ObjectiveCTutorial */ = {
			isa = PBXNativeTarget;
			buildConfigurationList = 5ECE22812A957116009377A7 /* Build configuration list for PBXNativeTarget "ObjectiveCTutorial" */;
			buildPhases = (
				5ECE22762A957116009377A7 /* Sources */,
				5ECE22772A957116009377A7 /* Frameworks */,
				5ECE22782A957116009377A7 /* CopyFiles */,
			);
			buildRules = (
			);
			dependencies = (
			);
			name = ObjectiveCTutorial;
			productName = ObjectiveCTutorial;
			productReference = 5ECE227A2A957116009377A7 /* ObjectiveCTutorial */;
			productType = "com.apple.product-type.tool";
		};
/* End PBXNativeTarget section */

/* Begin PBXProject section */
		5ECE22722A957116009377A7 /* Project object */ = {
			isa = PBXProject;
			attributes = {
				BuildIndependentTargetsInParallel = 1;
				LastUpgradeCheck = 1430;
				TargetAttributes = {
					5ECE22792A957116009377A7 = {
						CreatedOnToolsVersion = 14.3.1;
					};
				};
			};
			buildConfigurationList = 5ECE22752A957116009377A7 /* Build configuration list for PBXProject "ObjectiveCTutorial" */;
			compatibilityVersion = "Xcode 14.0";
			developmentRegion = en;
			hasScannedForEncodings = 0;
			knownRegions = (
				en,
				Base,
			);
			mainGroup = 5ECE22712A957116009377A7;
			productRefGroup = 5ECE227B2A957116009377A7 /* Products */;
			projectDirPath = "";
			projectRoot = "";
			targets = (
				5ECE22792A957116009377A7 /* ObjectiveCTutorial */,
			);
		};
/* End PBXProject section */

/* Begin PBXSourcesBuildPhase section */
		5ECE22762A957116009377A7 /* Sources */ = {
			isa = PBXSourcesBuildPhase;
			buildActionMask = 2147483647;
			files = (
				5ECE22882A95818A009377A7 /* archive.c in Sources */,
				5E727DF82A9C5E64000315C2 /* Animal.m in Sources */,
				5E727DF52A99B967000315C2 /* objective-c-archive.m in Sources */,
				5E0A8D422A9F0259002025DB /* Animal+Vet.m in Sources */,
				5E0A8D3C2A9EEA80002025DB /* Koala.m in Sources */,
				5E0A8D3F2A9F00A3002025DB /* Animal+Exam.m in Sources */,
				5ECE227E2A957116009377A7 /* main.m in Sources */,
			);
			runOnlyForDeploymentPostprocessing = 0;
		};
/* End PBXSourcesBuildPhase section */

/* Begin XCBuildConfiguration section */
		5ECE227F2A957116009377A7 /* Debug */ = {
			isa = XCBuildConfiguration;
			buildSettings = {
				ALWAYS_SEARCH_USER_PATHS = NO;
				CLANG_ANALYZER_NONNULL = YES;
				CLANG_ANALYZER_NUMBER_OBJECT_CONVERSION = YES_AGGRESSIVE;
				CLANG_CXX_LANGUAGE_STANDARD = "gnu++20";
				CLANG_ENABLE_MODULES = YES;
				CLANG_ENABLE_OBJC_ARC = YES;
				CLANG_ENABLE_OBJC_WEAK = YES;
				CLANG_WARN_BLOCK_CAPTURE_AUTORELEASING = YES;
				CLANG_WARN_BOOL_CONVERSION = YES;
				CLANG_WARN_COMMA = YES;
				CLANG_WARN_CONSTANT_CONVERSION = YES;
				CLANG_WARN_DEPRECATED_OBJC_IMPLEMENTATIONS = YES;
				CLANG_WARN_DIRECT_OBJC_ISA_USAGE = YES_ERROR;
				CLANG_WARN_DOCUMENTATION_COMMENTS = YES;
				CLANG_WARN_EMPTY_BODY = YES;
				CLANG_WARN_ENUM_CONVERSION = YES;
				CLANG_WARN_INFINITE_RECURSION = YES;
				CLANG_WARN_INT_CONVERSION = YES;
				CLANG_WARN_NON_LITERAL_NULL_CONVERSION = YES;
				CLANG_WARN_OBJC_IMPLICIT_RETAIN_SELF = YES;
				CLANG_WARN_OBJC_LITERAL_CONVERSION = YES;
				CLANG_WARN_OBJC_ROOT_CLASS = YES_ERROR;
				CLANG_WARN_QUOTED_INCLUDE_IN_FRAMEWORK_HEADER = YES;
				CLANG_WARN_RANGE_LOOP_ANALYSIS = YES;
				CLANG_WARN_STRICT_PROTOTYPES = YES;
				CLANG_WARN_SUSPICIOUS_MOVE = YES;
				CLANG_WARN_UNGUARDED_AVAILABILITY = YES_AGGRESSIVE;
				CLANG_WARN_UNREACHABLE_CODE = YES;
				CLANG_WARN__DUPLICATE_METHOD_MATCH = YES;
				COPY_PHASE_STRIP = NO;
				DEBUG_INFORMATION_FORMAT = dwarf;
				ENABLE_STRICT_OBJC_MSGSEND = YES;
				ENABLE_TESTABILITY = YES;
				GCC_C_LANGUAGE_STANDARD = gnu11;
				GCC_DYNAMIC_NO_PIC = NO;
				GCC_NO_COMMON_BLOCKS = YES;
				GCC_OPTIMIZATION_LEVEL = 0;
				GCC_PREPROCESSOR_DEFINITIONS = (
					"DEBUG=1",
					"$(inherited)",
				);
				GCC_WARN_64_TO_32_BIT_CONVERSION = YES;
				GCC_WARN_ABOUT_RETURN_TYPE = YES_ERROR;
				GCC_WARN_UNDECLARED_SELECTOR = YES;
				GCC_WARN_UNINITIALIZED_AUTOS = YES_AGGRESSIVE;
				GCC_WARN_UNUSED_FUNCTION = YES;
				GCC_WARN_UNUSED_VARIABLE = YES;
				MACOSX_DEPLOYMENT_TARGET = 13.3;
				MTL_ENABLE_DEBUG_INFO = INCLUDE_SOURCE;
				MTL_FAST_MATH = YES;
				ONLY_ACTIVE_ARCH = YES;
				SDKROOT = macosx;
			};
			name = Debug;
		};
		5ECE22802A957116009377A7 /* Release */ = {
			isa = XCBuildConfiguration;
			buildSettings = {
				ALWAYS_SEARCH_USER_PATHS = NO;
				CLANG_ANALYZER_NONNULL = YES;
				CLANG_ANALYZER_NUMBER_OBJECT_CONVERSION = YES_AGGRESSIVE;
				CLANG_CXX_LANGUAGE_STANDARD = "gnu++20";
				CLANG_ENABLE_MODULES = YES;
				CLANG_ENABLE_OBJC_ARC = YES;
				CLANG_ENABLE_OBJC_WEAK = YES;
				CLANG_WARN_BLOCK_CAPTURE_AUTORELEASING = YES;
				CLANG_WARN_BOOL_CONVERSION = YES;
				CLANG_WARN_COMMA = YES;
				CLANG_WARN_CONSTANT_CONVERSION = YES;
				CLANG_WARN_DEPRECATED_OBJC_IMPLEMENTATIONS = YES;
				CLANG_WARN_DIRECT_OBJC_ISA_USAGE = YES_ERROR;
				CLANG_WARN_DOCUMENTATION_COMMENTS = YES;
				CLANG_WARN_EMPTY_BODY = YES;
				CLANG_WARN_ENUM_CONVERSION = YES;
				CLANG_WARN_INFINITE_RECURSION = YES;
				CLANG_WARN_INT_CONVERSION = YES;
				CLANG_WARN_NON_LITERAL_NULL_CONVERSION = YES;
				CLANG_WARN_OBJC_IMPLICIT_RETAIN_SELF = YES;
				CLANG_WARN_OBJC_LITERAL_CONVERSION = YES;
				CLANG_WARN_OBJC_ROOT_CLASS = YES_ERROR;
				CLANG_WARN_QUOTED_INCLUDE_IN_FRAMEWORK_HEADER = YES;
				CLANG_WARN_RANGE_LOOP_ANALYSIS = YES;
				CLANG_WARN_STRICT_PROTOTYPES = YES;
				CLANG_WARN_SUSPICIOUS_MOVE = YES;
				CLANG_WARN_UNGUARDED_AVAILABILITY = YES_AGGRESSIVE;
				CLANG_WARN_UNREACHABLE_CODE = YES;
				CLANG_WARN__DUPLICATE_METHOD_MATCH = YES;
				COPY_PHASE_STRIP = NO;
				DEBUG_INFORMATION_FORMAT = "dwarf-with-dsym";
				ENABLE_NS_ASSERTIONS = NO;
				ENABLE_STRICT_OBJC_MSGSEND = YES;
				GCC_C_LANGUAGE_STANDARD = gnu11;
				GCC_NO_COMMON_BLOCKS = YES;
				GCC_WARN_64_TO_32_BIT_CONVERSION = YES;
				GCC_WARN_ABOUT_RETURN_TYPE = YES_ERROR;
				GCC_WARN_UNDECLARED_SELECTOR = YES;
				GCC_WARN_UNINITIALIZED_AUTOS = YES_AGGRESSIVE;
				GCC_WARN_UNUSED_FUNCTION = YES;
				GCC_WARN_UNUSED_VARIABLE = YES;
				MACOSX_DEPLOYMENT_TARGET = 13.3;
				MTL_ENABLE_DEBUG_INFO = NO;
				MTL_FAST_MATH = YES;
				SDKROOT = macosx;
			};
			name = Release;
		};
		5ECE22822A957116009377A7 /* Debug */ = {
			isa = XCBuildConfiguration;
			buildSettings = {
				CODE_SIGN_STYLE = Automatic;
				DEVELOPMENT_TEAM = RF53Q9S9PW;
				ENABLE_HARDENED_RUNTIME = YES;
				PRODUCT_NAME = "$(TARGET_NAME)";
			};
			name = Debug;
		};
		5ECE22832A957116009377A7 /* Release */ = {
			isa = XCBuildConfiguration;
			buildSettings = {
				CODE_SIGN_STYLE = Automatic;
				DEVELOPMENT_TEAM = RF53Q9S9PW;
				ENABLE_HARDENED_RUNTIME = YES;
				PRODUCT_NAME = "$(TARGET_NAME)";
			};
			name = Release;
		};
/* End XCBuildConfiguration section */

/* Begin XCConfigurationList section */
		5ECE22752A957116009377A7 /* Build configuration list for PBXProject "ObjectiveCTutorial" */ = {
			isa = XCConfigurationList;
			buildConfigurations = (
				5ECE227F2A957116009377A7 /* Debug */,
				5ECE22802A957116009377A7 /* Release */,
			);
			defaultConfigurationIsVisible = 0;
			defaultConfigurationName = Release;
		};
		5ECE22812A957116009377A7 /* Build configuration list for PBXNativeTarget "ObjectiveCTutorial" */ = {
			isa = XCConfigurationList;
			buildConfigurations = (
				5ECE22822A957116009377A7 /* Debug */,
				5ECE22832A957116009377A7 /* Release */,
			);
			defaultConfigurationIsVisible = 0;
			defaultConfigurationName = Release;
		};
/* End XCConfigurationList section */
	};
	rootObject = 5ECE22722A957116009377A7 /* Project object */;
}
